
Microsoft Visual Studio Solution File, Format Version 12.00
# Visual Studio Version 17
VisualStudioVersion = 17.9.34622.214
MinimumVisualStudioVersion = 10.0.40219.1
Project("{FAE04EC0-301F-11D3-BF4B-00C04F79EFBC}") = "LoginAnomalyDetector", "LoginAnomalyDetector.csproj", "{346FD518-B52A-4D9B-9E99-5126239E848E}"
EndProject
Global
	GlobalSection(SolutionConfigurationPlatforms) = preSolution
		Debug|Any CPU = Debug|Any CPU
		Release|Any CPU = Release|Any CPU
	EndGlobalSection
	GlobalSection(ProjectConfigurationPlatforms) = postSolution
		{346FD518-B52A-4D9B-9E99-5126239E848E}.Debug|Any CPU.ActiveCfg = Debug|Any CPU
		{346FD518-B52A-4D9B-9E99-5126239E848E}.Debug|Any CPU.Build.0 = Debug|Any CPU
		{346FD518-B52A-4D9B-9E99-5126239E848E}.Release|Any CPU.ActiveCfg = Release|Any CPU
		{346FD518-B52A-4D9B-9E99-5126239E848E}.Release|Any CPU.Build.0 = Release|Any CPU
	EndGlobalSection
	GlobalSection(SolutionProperties) = preSolution
		HideSolutionNode = FALSE
	EndGlobalSection
	GlobalSection(ExtensibilityGlobals) = postSolution
		SolutionGuid = {FB4914A4-C043-438B-8EF2-D7508A5A4674}
	EndGlobalSection
EndGlobal
